// !$*UTF8*$!
{
	archiveVersion = 1;
	classes = {
	};
	objectVersion = 56;
	objects = {

/* Begin PBXBuildFile section */
		5A04088729C8D491008BEEC9 /* textFieldStyle.swift in Sources */ = {isa = PBXBuildFile; fileRef = 5A04088629C8D491008BEEC9 /* textFieldStyle.swift */; };
		5A04088929C8DB2D008BEEC9 /* ContactsViewModel.swift in Sources */ = {isa = PBXBuildFile; fileRef = 5A04088829C8DB2D008BEEC9 /* ContactsViewModel.swift */; };
		5A04088B29C99064008BEEC9 /* UserModel.swift in Sources */ = {isa = PBXBuildFile; fileRef = 5A04088A29C99064008BEEC9 /* UserModel.swift */; };
		5A04088D29C991D2008BEEC9 /* DatabaseService.swift in Sources */ = {isa = PBXBuildFile; fileRef = 5A04088C29C991D2008BEEC9 /* DatabaseService.swift */; };
		5A04088F29C99510008BEEC9 /* TextHelper.swift in Sources */ = {isa = PBXBuildFile; fileRef = 5A04088E29C99510008BEEC9 /* TextHelper.swift */; };
		5A04089129C9A355008BEEC9 /* ImagePicker.swift in Sources */ = {isa = PBXBuildFile; fileRef = 5A04089029C9A355008BEEC9 /* ImagePicker.swift */; };
		5A04089529CA3B39008BEEC9 /* ContactsListView.swift in Sources */ = {isa = PBXBuildFile; fileRef = 5A04089429CA3B39008BEEC9 /* ContactsListView.swift */; };
		5A04089729CA3B4A008BEEC9 /* ChatsListView.swift in Sources */ = {isa = PBXBuildFile; fileRef = 5A04089629CA3B4A008BEEC9 /* ChatsListView.swift */; };
		5A04089929CAECC4008BEEC9 /* ContactRow.swift in Sources */ = {isa = PBXBuildFile; fileRef = 5A04089829CAECC4008BEEC9 /* ContactRow.swift */; };
		5A04089B29CB0C1A008BEEC9 /* ConversationView.swift in Sources */ = {isa = PBXBuildFile; fileRef = 5A04089A29CB0C1A008BEEC9 /* ConversationView.swift */; };
		5A04089E29CB2E3B008BEEC9 /* ProfileImageView.swift in Sources */ = {isa = PBXBuildFile; fileRef = 5A04089D29CB2E3B008BEEC9 /* ProfileImageView.swift */; };
		5A0408A029CCF746008BEEC9 /* RoundedCornerExtension.swift in Sources */ = {isa = PBXBuildFile; fileRef = 5A04089F29CCF746008BEEC9 /* RoundedCornerExtension.swift */; };
		5A0408A229CD779C008BEEC9 /* ChatModel.swift in Sources */ = {isa = PBXBuildFile; fileRef = 5A0408A129CD779C008BEEC9 /* ChatModel.swift */; };
		5A0408A429CD7BB5008BEEC9 /* ChatViewModel.swift in Sources */ = {isa = PBXBuildFile; fileRef = 5A0408A329CD7BB5008BEEC9 /* ChatViewModel.swift */; };
		5A0408A629CDC357008BEEC9 /* DateHelper.swift in Sources */ = {isa = PBXBuildFile; fileRef = 5A0408A529CDC357008BEEC9 /* DateHelper.swift */; };
		5A31628229C6252D00BA6E4D /* Simple_ChatApp.swift in Sources */ = {isa = PBXBuildFile; fileRef = 5A31628129C6252D00BA6E4D /* Simple_ChatApp.swift */; };
		5A31628429C6252D00BA6E4D /* RootView.swift in Sources */ = {isa = PBXBuildFile; fileRef = 5A31628329C6252D00BA6E4D /* RootView.swift */; };
		5A31628629C6252F00BA6E4D /* Assets.xcassets in Resources */ = {isa = PBXBuildFile; fileRef = 5A31628529C6252F00BA6E4D /* Assets.xcassets */; };
		5A31628929C6252F00BA6E4D /* Preview Assets.xcassets in Resources */ = {isa = PBXBuildFile; fileRef = 5A31628829C6252F00BA6E4D /* Preview Assets.xcassets */; };
		5A31629B29C6324700BA6E4D /* Fonts.swift in Sources */ = {isa = PBXBuildFile; fileRef = 5A31629A29C6324700BA6E4D /* Fonts.swift */; };
		5A3162A029C6399500BA6E4D /* CustomTapBar.swift in Sources */ = {isa = PBXBuildFile; fileRef = 5A31629F29C6399500BA6E4D /* CustomTapBar.swift */; };
		5A3162A429C835A500BA6E4D /* TabBarButton.swift in Sources */ = {isa = PBXBuildFile; fileRef = 5A3162A329C835A500BA6E4D /* TabBarButton.swift */; };
		5A3162A529C8386200BA6E4D /* LexendDeca-Medium.ttf in Resources */ = {isa = PBXBuildFile; fileRef = 5A31629629C62E0A00BA6E4D /* LexendDeca-Medium.ttf */; };
		5A3162A629C8386400BA6E4D /* LexendDeca-SemiBold.ttf in Resources */ = {isa = PBXBuildFile; fileRef = 5A31629829C62E1C00BA6E4D /* LexendDeca-SemiBold.ttf */; };
		5A3162A729C8386700BA6E4D /* LexendDeca-Regular.ttf in Resources */ = {isa = PBXBuildFile; fileRef = 5A31629729C62E0A00BA6E4D /* LexendDeca-Regular.ttf */; };
		5A3162A829C8386900BA6E4D /* LexendDeca-Bold.ttf in Resources */ = {isa = PBXBuildFile; fileRef = 5A31629529C62DFA00BA6E4D /* LexendDeca-Bold.ttf */; };
		5A89234829C84AFB0008DEE9 /* GoogleService-Info.plist in Resources */ = {isa = PBXBuildFile; fileRef = 5A89234729C84AFB0008DEE9 /* GoogleService-Info.plist */; };
		5A89234B29C84C9B0008DEE9 /* FirebaseAuth in Frameworks */ = {isa = PBXBuildFile; productRef = 5A89234A29C84C9B0008DEE9 /* FirebaseAuth */; };
		5A89234D29C84C9B0008DEE9 /* FirebaseDatabaseSwift in Frameworks */ = {isa = PBXBuildFile; productRef = 5A89234C29C84C9B0008DEE9 /* FirebaseDatabaseSwift */; };
		5A89234F29C84C9B0008DEE9 /* FirebaseFirestore in Frameworks */ = {isa = PBXBuildFile; productRef = 5A89234E29C84C9B0008DEE9 /* FirebaseFirestore */; };
		5A89235129C84C9B0008DEE9 /* FirebaseFirestoreSwift in Frameworks */ = {isa = PBXBuildFile; productRef = 5A89235029C84C9B0008DEE9 /* FirebaseFirestoreSwift */; };
		5A89235329C84C9B0008DEE9 /* FirebaseStorage in Frameworks */ = {isa = PBXBuildFile; productRef = 5A89235229C84C9B0008DEE9 /* FirebaseStorage */; };
		5A89235529C84D220008DEE9 /* AppDelegate.swift in Sources */ = {isa = PBXBuildFile; fileRef = 5A89235429C84D220008DEE9 /* AppDelegate.swift */; };
		5A89235829C87B420008DEE9 /* AuthViewModel.swift in Sources */ = {isa = PBXBuildFile; fileRef = 5A89235729C87B420008DEE9 /* AuthViewModel.swift */; };
		5A89235B29C87E960008DEE9 /* OnboardingContainerView.swift in Sources */ = {isa = PBXBuildFile; fileRef = 5A89235A29C87E960008DEE9 /* OnboardingContainerView.swift */; };
		5A89235D29C8813C0008DEE9 /* WelcomeView.swift in Sources */ = {isa = PBXBuildFile; fileRef = 5A89235C29C8813C0008DEE9 /* WelcomeView.swift */; };
		5A89235F29C881480008DEE9 /* PhoneNumberView.swift in Sources */ = {isa = PBXBuildFile; fileRef = 5A89235E29C881480008DEE9 /* PhoneNumberView.swift */; };
		5A89236129C881500008DEE9 /* AuthView.swift in Sources */ = {isa = PBXBuildFile; fileRef = 5A89236029C881500008DEE9 /* AuthView.swift */; };
		5A89236329C881670008DEE9 /* CreateProfileView.swift in Sources */ = {isa = PBXBuildFile; fileRef = 5A89236229C881670008DEE9 /* CreateProfileView.swift */; };
		5A89236529C881780008DEE9 /* SyncContactsView.swift in Sources */ = {isa = PBXBuildFile; fileRef = 5A89236429C881780008DEE9 /* SyncContactsView.swift */; };
		5A89236729C8C2080008DEE9 /* ButtonStyle.swift in Sources */ = {isa = PBXBuildFile; fileRef = 5A89236629C8C2080008DEE9 /* ButtonStyle.swift */; };
		5AB1076B29CDF4C7001BE832 /* ChatListRow.swift in Sources */ = {isa = PBXBuildFile; fileRef = 5AB1076A29CDF4C7001BE832 /* ChatListRow.swift */; };
		5AB1076D29CE3CB0001BE832 /* CacheService.swift in Sources */ = {isa = PBXBuildFile; fileRef = 5AB1076C29CE3CB0001BE832 /* CacheService.swift */; };
		5AB1076F29D0A315001BE832 /* ConversationTextMesage.swift in Sources */ = {isa = PBXBuildFile; fileRef = 5AB1076E29D0A315001BE832 /* ConversationTextMesage.swift */; };
		5AB1077129D0A573001BE832 /* ConversationPhotoMessage.swift in Sources */ = {isa = PBXBuildFile; fileRef = 5AB1077029D0A573001BE832 /* ConversationPhotoMessage.swift */; };
		5AB1077329D0BF6D001BE832 /* ContactPicker.swift in Sources */ = {isa = PBXBuildFile; fileRef = 5AB1077229D0BF6D001BE832 /* ContactPicker.swift */; };
		5AB1077529D1F267001BE832 /* GroupProfileImageView.swift in Sources */ = {isa = PBXBuildFile; fileRef = 5AB1077429D1F267001BE832 /* GroupProfileImageView.swift */; };
/* End PBXBuildFile section */

/* Begin PBXFileReference section */
		5A04088629C8D491008BEEC9 /* textFieldStyle.swift */ = {isa = PBXFileReference; lastKnownFileType = sourcecode.swift; path = textFieldStyle.swift; sourceTree = "<group>"; };
		5A04088829C8DB2D008BEEC9 /* ContactsViewModel.swift */ = {isa = PBXFileReference; lastKnownFileType = sourcecode.swift; path = ContactsViewModel.swift; sourceTree = "<group>"; };
		5A04088A29C99064008BEEC9 /* UserModel.swift */ = {isa = PBXFileReference; lastKnownFileType = sourcecode.swift; path = UserModel.swift; sourceTree = "<group>"; };
		5A04088C29C991D2008BEEC9 /* DatabaseService.swift */ = {isa = PBXFileReference; lastKnownFileType = sourcecode.swift; path = DatabaseService.swift; sourceTree = "<group>"; };
		5A04088E29C99510008BEEC9 /* TextHelper.swift */ = {isa = PBXFileReference; lastKnownFileType = sourcecode.swift; path = TextHelper.swift; sourceTree = "<group>"; };
		5A04089029C9A355008BEEC9 /* ImagePicker.swift */ = {isa = PBXFileReference; lastKnownFileType = sourcecode.swift; path = ImagePicker.swift; sourceTree = "<group>"; };
		5A04089429CA3B39008BEEC9 /* ContactsListView.swift */ = {isa = PBXFileReference; lastKnownFileType = sourcecode.swift; path = ContactsListView.swift; sourceTree = "<group>"; };
		5A04089629CA3B4A008BEEC9 /* ChatsListView.swift */ = {isa = PBXFileReference; lastKnownFileType = sourcecode.swift; path = ChatsListView.swift; sourceTree = "<group>"; };
		5A04089829CAECC4008BEEC9 /* ContactRow.swift */ = {isa = PBXFileReference; lastKnownFileType = sourcecode.swift; path = ContactRow.swift; sourceTree = "<group>"; };
		5A04089A29CB0C1A008BEEC9 /* ConversationView.swift */ = {isa = PBXFileReference; lastKnownFileType = sourcecode.swift; path = ConversationView.swift; sourceTree = "<group>"; };
		5A04089D29CB2E3B008BEEC9 /* ProfileImageView.swift */ = {isa = PBXFileReference; lastKnownFileType = sourcecode.swift; path = ProfileImageView.swift; sourceTree = "<group>"; };
		5A04089F29CCF746008BEEC9 /* RoundedCornerExtension.swift */ = {isa = PBXFileReference; lastKnownFileType = sourcecode.swift; path = RoundedCornerExtension.swift; sourceTree = "<group>"; };
		5A0408A129CD779C008BEEC9 /* ChatModel.swift */ = {isa = PBXFileReference; lastKnownFileType = sourcecode.swift; path = ChatModel.swift; sourceTree = "<group>"; };
		5A0408A329CD7BB5008BEEC9 /* ChatViewModel.swift */ = {isa = PBXFileReference; lastKnownFileType = sourcecode.swift; path = ChatViewModel.swift; sourceTree = "<group>"; };
		5A0408A529CDC357008BEEC9 /* DateHelper.swift */ = {isa = PBXFileReference; lastKnownFileType = sourcecode.swift; path = DateHelper.swift; sourceTree = "<group>"; };
		5A31627E29C6252D00BA6E4D /* Simple Chat.app */ = {isa = PBXFileReference; explicitFileType = wrapper.application; includeInIndex = 0; path = "Simple Chat.app"; sourceTree = BUILT_PRODUCTS_DIR; };
		5A31628129C6252D00BA6E4D /* Simple_ChatApp.swift */ = {isa = PBXFileReference; lastKnownFileType = sourcecode.swift; path = Simple_ChatApp.swift; sourceTree = "<group>"; };
		5A31628329C6252D00BA6E4D /* RootView.swift */ = {isa = PBXFileReference; lastKnownFileType = sourcecode.swift; path = RootView.swift; sourceTree = "<group>"; };
		5A31628529C6252F00BA6E4D /* Assets.xcassets */ = {isa = PBXFileReference; lastKnownFileType = folder.assetcatalog; path = Assets.xcassets; sourceTree = "<group>"; };
		5A31628829C6252F00BA6E4D /* Preview Assets.xcassets */ = {isa = PBXFileReference; lastKnownFileType = folder.assetcatalog; path = "Preview Assets.xcassets"; sourceTree = "<group>"; };
		5A31629529C62DFA00BA6E4D /* LexendDeca-Bold.ttf */ = {isa = PBXFileReference; lastKnownFileType = file; path = "LexendDeca-Bold.ttf"; sourceTree = "<group>"; };
		5A31629629C62E0A00BA6E4D /* LexendDeca-Medium.ttf */ = {isa = PBXFileReference; lastKnownFileType = file; path = "LexendDeca-Medium.ttf"; sourceTree = "<group>"; };
		5A31629729C62E0A00BA6E4D /* LexendDeca-Regular.ttf */ = {isa = PBXFileReference; lastKnownFileType = file; path = "LexendDeca-Regular.ttf"; sourceTree = "<group>"; };
		5A31629829C62E1C00BA6E4D /* LexendDeca-SemiBold.ttf */ = {isa = PBXFileReference; lastKnownFileType = file; path = "LexendDeca-SemiBold.ttf"; sourceTree = "<group>"; };
		5A31629A29C6324700BA6E4D /* Fonts.swift */ = {isa = PBXFileReference; lastKnownFileType = sourcecode.swift; path = Fonts.swift; sourceTree = "<group>"; };
		5A31629F29C6399500BA6E4D /* CustomTapBar.swift */ = {isa = PBXFileReference; lastKnownFileType = sourcecode.swift; path = CustomTapBar.swift; sourceTree = "<group>"; };
		5A3162A329C835A500BA6E4D /* TabBarButton.swift */ = {isa = PBXFileReference; lastKnownFileType = sourcecode.swift; path = TabBarButton.swift; sourceTree = "<group>"; };
		5A89234729C84AFB0008DEE9 /* GoogleService-Info.plist */ = {isa = PBXFileReference; lastKnownFileType = text.plist.xml; name = "GoogleService-Info.plist"; path = "Simple Chat/GoogleService-Info.plist"; sourceTree = SOURCE_ROOT; };
		5A89235429C84D220008DEE9 /* AppDelegate.swift */ = {isa = PBXFileReference; lastKnownFileType = sourcecode.swift; path = AppDelegate.swift; sourceTree = "<group>"; };
		5A89235629C856FC0008DEE9 /* Simple Chat.entitlements */ = {isa = PBXFileReference; lastKnownFileType = text.plist.entitlements; path = "Simple Chat.entitlements"; sourceTree = "<group>"; };
		5A89235729C87B420008DEE9 /* AuthViewModel.swift */ = {isa = PBXFileReference; lastKnownFileType = sourcecode.swift; path = AuthViewModel.swift; sourceTree = "<group>"; };
		5A89235A29C87E960008DEE9 /* OnboardingContainerView.swift */ = {isa = PBXFileReference; lastKnownFileType = sourcecode.swift; path = OnboardingContainerView.swift; sourceTree = "<group>"; };
		5A89235C29C8813C0008DEE9 /* WelcomeView.swift */ = {isa = PBXFileReference; lastKnownFileType = sourcecode.swift; path = WelcomeView.swift; sourceTree = "<group>"; };
		5A89235E29C881480008DEE9 /* PhoneNumberView.swift */ = {isa = PBXFileReference; lastKnownFileType = sourcecode.swift; path = PhoneNumberView.swift; sourceTree = "<group>"; };
		5A89236029C881500008DEE9 /* AuthView.swift */ = {isa = PBXFileReference; lastKnownFileType = sourcecode.swift; path = AuthView.swift; sourceTree = "<group>"; };
		5A89236229C881670008DEE9 /* CreateProfileView.swift */ = {isa = PBXFileReference; lastKnownFileType = sourcecode.swift; path = CreateProfileView.swift; sourceTree = "<group>"; };
		5A89236429C881780008DEE9 /* SyncContactsView.swift */ = {isa = PBXFileReference; lastKnownFileType = sourcecode.swift; path = SyncContactsView.swift; sourceTree = "<group>"; };
		5A89236629C8C2080008DEE9 /* ButtonStyle.swift */ = {isa = PBXFileReference; lastKnownFileType = sourcecode.swift; path = ButtonStyle.swift; sourceTree = "<group>"; };
		5AB1076A29CDF4C7001BE832 /* ChatListRow.swift */ = {isa = PBXFileReference; lastKnownFileType = sourcecode.swift; path = ChatListRow.swift; sourceTree = "<group>"; };
		5AB1076C29CE3CB0001BE832 /* CacheService.swift */ = {isa = PBXFileReference; lastKnownFileType = sourcecode.swift; path = CacheService.swift; sourceTree = "<group>"; };
		5AB1076E29D0A315001BE832 /* ConversationTextMesage.swift */ = {isa = PBXFileReference; lastKnownFileType = sourcecode.swift; path = ConversationTextMesage.swift; sourceTree = "<group>"; };
		5AB1077029D0A573001BE832 /* ConversationPhotoMessage.swift */ = {isa = PBXFileReference; lastKnownFileType = sourcecode.swift; path = ConversationPhotoMessage.swift; sourceTree = "<group>"; };
		5AB1077229D0BF6D001BE832 /* ContactPicker.swift */ = {isa = PBXFileReference; lastKnownFileType = sourcecode.swift; path = ContactPicker.swift; sourceTree = "<group>"; };
		5AB1077429D1F267001BE832 /* GroupProfileImageView.swift */ = {isa = PBXFileReference; lastKnownFileType = sourcecode.swift; path = GroupProfileImageView.swift; sourceTree = "<group>"; };
/* End PBXFileReference section */

/* Begin PBXFrameworksBuildPhase section */
		5A31627B29C6252D00BA6E4D /* Frameworks */ = {
			isa = PBXFrameworksBuildPhase;
			buildActionMask = 2147483647;
			files = (
				5A89234D29C84C9B0008DEE9 /* FirebaseDatabaseSwift in Frameworks */,
				5A89234B29C84C9B0008DEE9 /* FirebaseAuth in Frameworks */,
				5A89234F29C84C9B0008DEE9 /* FirebaseFirestore in Frameworks */,
				5A89235329C84C9B0008DEE9 /* FirebaseStorage in Frameworks */,
				5A89235129C84C9B0008DEE9 /* FirebaseFirestoreSwift in Frameworks */,
			);
			runOnlyForDeploymentPostprocessing = 0;
		};
/* End PBXFrameworksBuildPhase section */

/* Begin PBXGroup section */
		5A04089229CA3B0A008BEEC9 /* ContactsView */ = {
			isa = PBXGroup;
			children = (
				5A04089429CA3B39008BEEC9 /* ContactsListView.swift */,
				5A04089829CAECC4008BEEC9 /* ContactRow.swift */,
			);
			path = ContactsView;
			sourceTree = "<group>";
		};
		5A04089329CA3B15008BEEC9 /* ChatsView */ = {
			isa = PBXGroup;
			children = (
				5A04089629CA3B4A008BEEC9 /* ChatsListView.swift */,
				5A04089A29CB0C1A008BEEC9 /* ConversationView.swift */,
				5AB1076A29CDF4C7001BE832 /* ChatListRow.swift */,
				5AB1076E29D0A315001BE832 /* ConversationTextMesage.swift */,
				5AB1077029D0A573001BE832 /* ConversationPhotoMessage.swift */,
				5AB1077229D0BF6D001BE832 /* ContactPicker.swift */,
			);
			path = ChatsView;
			sourceTree = "<group>";
		};
		5A04089C29CB2E20008BEEC9 /* Misc */ = {
			isa = PBXGroup;
			children = (
				5A04089D29CB2E3B008BEEC9 /* ProfileImageView.swift */,
				5AB1077429D1F267001BE832 /* GroupProfileImageView.swift */,
			);
			path = Misc;
			sourceTree = "<group>";
		};
		5A31627529C6252D00BA6E4D = {
			isa = PBXGroup;
			children = (
				5A31628029C6252D00BA6E4D /* Simple Chat */,
				5A31627F29C6252D00BA6E4D /* Products */,
			);
			sourceTree = "<group>";
		};
		5A31627F29C6252D00BA6E4D /* Products */ = {
			isa = PBXGroup;
			children = (
				5A31627E29C6252D00BA6E4D /* Simple Chat.app */,
			);
			name = Products;
			sourceTree = "<group>";
		};
		5A31628029C6252D00BA6E4D /* Simple Chat */ = {
			isa = PBXGroup;
			children = (
				5A89235629C856FC0008DEE9 /* Simple Chat.entitlements */,
				5A89235429C84D220008DEE9 /* AppDelegate.swift */,
				5A31628129C6252D00BA6E4D /* Simple_ChatApp.swift */,
				5A31628F29C627EC00BA6E4D /* Views */,
				5A31629029C627F600BA6E4D /* ViewModels */,
				5A31629129C6280100BA6E4D /* Models */,
				5A31629229C6280500BA6E4D /* Services */,
				5A31629329C6280E00BA6E4D /* Helpers */,
				5A31629429C6286800BA6E4D /* Fonts */,
				5A31628529C6252F00BA6E4D /* Assets.xcassets */,
				5A89234729C84AFB0008DEE9 /* GoogleService-Info.plist */,
				5A31628729C6252F00BA6E4D /* Preview Content */,
			);
			path = "Simple Chat";
			sourceTree = "<group>";
		};
		5A31628729C6252F00BA6E4D /* Preview Content */ = {
			isa = PBXGroup;
			children = (
				5A31628829C6252F00BA6E4D /* Preview Assets.xcassets */,
			);
			path = "Preview Content";
			sourceTree = "<group>";
		};
		5A31628F29C627EC00BA6E4D /* Views */ = {
			isa = PBXGroup;
			children = (
				5A31628329C6252D00BA6E4D /* RootView.swift */,
				5A04089329CA3B15008BEEC9 /* ChatsView */,
				5A04089229CA3B0A008BEEC9 /* ContactsView */,
				5A04089C29CB2E20008BEEC9 /* Misc */,
				5A89235929C87E7A0008DEE9 /* Onboarding */,
				5A31629C29C6395C00BA6E4D /* CustomTapBar */,
			);
			path = Views;
			sourceTree = "<group>";
		};
		5A31629029C627F600BA6E4D /* ViewModels */ = {
			isa = PBXGroup;
			children = (
				5A89235729C87B420008DEE9 /* AuthViewModel.swift */,
				5A04088829C8DB2D008BEEC9 /* ContactsViewModel.swift */,
				5A0408A329CD7BB5008BEEC9 /* ChatViewModel.swift */,
			);
			path = ViewModels;
			sourceTree = "<group>";
		};
		5A31629129C6280100BA6E4D /* Models */ = {
			isa = PBXGroup;
			children = (
				5A04088A29C99064008BEEC9 /* UserModel.swift */,
				5A0408A129CD779C008BEEC9 /* ChatModel.swift */,
			);
			path = Models;
			sourceTree = "<group>";
		};
		5A31629229C6280500BA6E4D /* Services */ = {
			isa = PBXGroup;
			children = (
				5A04088C29C991D2008BEEC9 /* DatabaseService.swift */,
				5AB1076C29CE3CB0001BE832 /* CacheService.swift */,
			);
			path = Services;
			sourceTree = "<group>";
		};
		5A31629329C6280E00BA6E4D /* Helpers */ = {
			isa = PBXGroup;
			children = (
				5A31629A29C6324700BA6E4D /* Fonts.swift */,
				5A89236629C8C2080008DEE9 /* ButtonStyle.swift */,
				5A04088629C8D491008BEEC9 /* textFieldStyle.swift */,
				5A04088E29C99510008BEEC9 /* TextHelper.swift */,
				5A04089F29CCF746008BEEC9 /* RoundedCornerExtension.swift */,
				5A0408A529CDC357008BEEC9 /* DateHelper.swift */,
			);
			path = Helpers;
			sourceTree = "<group>";
		};
		5A31629429C6286800BA6E4D /* Fonts */ = {
			isa = PBXGroup;
			children = (
				5A31629829C62E1C00BA6E4D /* LexendDeca-SemiBold.ttf */,
				5A31629629C62E0A00BA6E4D /* LexendDeca-Medium.ttf */,
				5A31629729C62E0A00BA6E4D /* LexendDeca-Regular.ttf */,
				5A31629529C62DFA00BA6E4D /* LexendDeca-Bold.ttf */,
			);
			path = Fonts;
			sourceTree = "<group>";
		};
		5A31629C29C6395C00BA6E4D /* CustomTapBar */ = {
			isa = PBXGroup;
			children = (
				5A31629F29C6399500BA6E4D /* CustomTapBar.swift */,
				5A3162A329C835A500BA6E4D /* TabBarButton.swift */,
			);
			path = CustomTapBar;
			sourceTree = "<group>";
		};
		5A89235929C87E7A0008DEE9 /* Onboarding */ = {
			isa = PBXGroup;
			children = (
				5A89235A29C87E960008DEE9 /* OnboardingContainerView.swift */,
				5A89235C29C8813C0008DEE9 /* WelcomeView.swift */,
				5A89235E29C881480008DEE9 /* PhoneNumberView.swift */,
				5A89236029C881500008DEE9 /* AuthView.swift */,
				5A89236229C881670008DEE9 /* CreateProfileView.swift */,
				5A04089029C9A355008BEEC9 /* ImagePicker.swift */,
				5A89236429C881780008DEE9 /* SyncContactsView.swift */,
			);
			path = Onboarding;
			sourceTree = "<group>";
		};
/* End PBXGroup section */

/* Begin PBXNativeTarget section */
		5A31627D29C6252D00BA6E4D /* Simple Chat */ = {
			isa = PBXNativeTarget;
			buildConfigurationList = 5A31628C29C6252F00BA6E4D /* Build configuration list for PBXNativeTarget "Simple Chat" */;
			buildPhases = (
				5A31627A29C6252D00BA6E4D /* Sources */,
				5A31627B29C6252D00BA6E4D /* Frameworks */,
				5A31627C29C6252D00BA6E4D /* Resources */,
			);
			buildRules = (
			);
			dependencies = (
			);
			name = "Simple Chat";
			packageProductDependencies = (
				5A89234A29C84C9B0008DEE9 /* FirebaseAuth */,
				5A89234C29C84C9B0008DEE9 /* FirebaseDatabaseSwift */,
				5A89234E29C84C9B0008DEE9 /* FirebaseFirestore */,
				5A89235029C84C9B0008DEE9 /* FirebaseFirestoreSwift */,
				5A89235229C84C9B0008DEE9 /* FirebaseStorage */,
			);
			productName = "Simple Chat";
			productReference = 5A31627E29C6252D00BA6E4D /* Simple Chat.app */;
			productType = "com.apple.product-type.application";
		};
/* End PBXNativeTarget section */

/* Begin PBXProject section */
		5A31627629C6252D00BA6E4D /* Project object */ = {
			isa = PBXProject;
			attributes = {
				BuildIndependentTargetsInParallel = 1;
				LastSwiftUpdateCheck = 1420;
				LastUpgradeCheck = 1420;
				TargetAttributes = {
					5A31627D29C6252D00BA6E4D = {
						CreatedOnToolsVersion = 14.2;
					};
				};
			};
			buildConfigurationList = 5A31627929C6252D00BA6E4D /* Build configuration list for PBXProject "SimpleChat" */;
			compatibilityVersion = "Xcode 14.0";
			developmentRegion = en;
			hasScannedForEncodings = 0;
			knownRegions = (
				en,
				Base,
			);
			mainGroup = 5A31627529C6252D00BA6E4D;
			packageReferences = (
				5A89234929C84C9B0008DEE9 /* XCRemoteSwiftPackageReference "firebase-ios-sdk" */,
			);
			productRefGroup = 5A31627F29C6252D00BA6E4D /* Products */;
			projectDirPath = "";
			projectRoot = "";
			targets = (
				5A31627D29C6252D00BA6E4D /* Simple Chat */,
			);
		};
/* End PBXProject section */

/* Begin PBXResourcesBuildPhase section */
		5A31627C29C6252D00BA6E4D /* Resources */ = {
			isa = PBXResourcesBuildPhase;
			buildActionMask = 2147483647;
			files = (
				5A3162A729C8386700BA6E4D /* LexendDeca-Regular.ttf in Resources */,
				5A3162A629C8386400BA6E4D /* LexendDeca-SemiBold.ttf in Resources */,
				5A3162A829C8386900BA6E4D /* LexendDeca-Bold.ttf in Resources */,
				5A31628929C6252F00BA6E4D /* Preview Assets.xcassets in Resources */,
				5A31628629C6252F00BA6E4D /* Assets.xcassets in Resources */,
				5A3162A529C8386200BA6E4D /* LexendDeca-Medium.ttf in Resources */,
				5A89234829C84AFB0008DEE9 /* GoogleService-Info.plist in Resources */,
			);
			runOnlyForDeploymentPostprocessing = 0;
		};
/* End PBXResourcesBuildPhase section */

/* Begin PBXSourcesBuildPhase section */
		5A31627A29C6252D00BA6E4D /* Sources */ = {
			isa = PBXSourcesBuildPhase;
			buildActionMask = 2147483647;
			files = (
				5A04088D29C991D2008BEEC9 /* DatabaseService.swift in Sources */,
				5A89236529C881780008DEE9 /* SyncContactsView.swift in Sources */,
				5A89235529C84D220008DEE9 /* AppDelegate.swift in Sources */,
				5A0408A629CDC357008BEEC9 /* DateHelper.swift in Sources */,
				5A89235B29C87E960008DEE9 /* OnboardingContainerView.swift in Sources */,
				5A04088F29C99510008BEEC9 /* TextHelper.swift in Sources */,
				5A04088729C8D491008BEEC9 /* textFieldStyle.swift in Sources */,
				5A31628429C6252D00BA6E4D /* RootView.swift in Sources */,
				5A31629B29C6324700BA6E4D /* Fonts.swift in Sources */,
				5AB1076F29D0A315001BE832 /* ConversationTextMesage.swift in Sources */,
				5A04089729CA3B4A008BEEC9 /* ChatsListView.swift in Sources */,
				5A0408A229CD779C008BEEC9 /* ChatModel.swift in Sources */,
				5A89235D29C8813C0008DEE9 /* WelcomeView.swift in Sources */,
				5AB1076D29CE3CB0001BE832 /* CacheService.swift in Sources */,
				5AB1077129D0A573001BE832 /* ConversationPhotoMessage.swift in Sources */,
				5AB1076B29CDF4C7001BE832 /* ChatListRow.swift in Sources */,
				5A89235829C87B420008DEE9 /* AuthViewModel.swift in Sources */,
				5A04088B29C99064008BEEC9 /* UserModel.swift in Sources */,
				5A89236329C881670008DEE9 /* CreateProfileView.swift in Sources */,
				5A89235F29C881480008DEE9 /* PhoneNumberView.swift in Sources */,
				5A3162A029C6399500BA6E4D /* CustomTapBar.swift in Sources */,
				5A3162A429C835A500BA6E4D /* TabBarButton.swift in Sources */,
				5A04089929CAECC4008BEEC9 /* ContactRow.swift in Sources */,
				5A89236129C881500008DEE9 /* AuthView.swift in Sources */,
				5A04089529CA3B39008BEEC9 /* ContactsListView.swift in Sources */,
				5AB1077329D0BF6D001BE832 /* ContactPicker.swift in Sources */,
				5A04088929C8DB2D008BEEC9 /* ContactsViewModel.swift in Sources */,
				5A04089129C9A355008BEEC9 /* ImagePicker.swift in Sources */,
				5A0408A429CD7BB5008BEEC9 /* ChatViewModel.swift in Sources */,
				5A31628229C6252D00BA6E4D /* Simple_ChatApp.swift in Sources */,
				5A0408A029CCF746008BEEC9 /* RoundedCornerExtension.swift in Sources */,
				5AB1077529D1F267001BE832 /* GroupProfileImageView.swift in Sources */,
				5A04089E29CB2E3B008BEEC9 /* ProfileImageView.swift in Sources */,
				5A89236729C8C2080008DEE9 /* ButtonStyle.swift in Sources */,
				5A04089B29CB0C1A008BEEC9 /* ConversationView.swift in Sources */,
			);
			runOnlyForDeploymentPostprocessing = 0;
		};
/* End PBXSourcesBuildPhase section */

/* Begin XCBuildConfiguration section */
		5A31628A29C6252F00BA6E4D /* Debug */ = {
			isa = XCBuildConfiguration;
			buildSettings = {
				ALWAYS_SEARCH_USER_PATHS = NO;
				CLANG_ANALYZER_NONNULL = YES;
				CLANG_ANALYZER_NUMBER_OBJECT_CONVERSION = YES_AGGRESSIVE;
				CLANG_CXX_LANGUAGE_STANDARD = "gnu++20";
				CLANG_ENABLE_MODULES = YES;
				CLANG_ENABLE_OBJC_ARC = YES;
				CLANG_ENABLE_OBJC_WEAK = YES;
				CLANG_WARN_BLOCK_CAPTURE_AUTORELEASING = YES;
				CLANG_WARN_BOOL_CONVERSION = YES;
				CLANG_WARN_COMMA = YES;
				CLANG_WARN_CONSTANT_CONVERSION = YES;
				CLANG_WARN_DEPRECATED_OBJC_IMPLEMENTATIONS = YES;
				CLANG_WARN_DIRECT_OBJC_ISA_USAGE = YES_ERROR;
				CLANG_WARN_DOCUMENTATION_COMMENTS = YES;
				CLANG_WARN_EMPTY_BODY = YES;
				CLANG_WARN_ENUM_CONVERSION = YES;
				CLANG_WARN_INFINITE_RECURSION = YES;
				CLANG_WARN_INT_CONVERSION = YES;
				CLANG_WARN_NON_LITERAL_NULL_CONVERSION = YES;
				CLANG_WARN_OBJC_IMPLICIT_RETAIN_SELF = YES;
				CLANG_WARN_OBJC_LITERAL_CONVERSION = YES;
				CLANG_WARN_OBJC_ROOT_CLASS = YES_ERROR;
				CLANG_WARN_QUOTED_INCLUDE_IN_FRAMEWORK_HEADER = YES;
				CLANG_WARN_RANGE_LOOP_ANALYSIS = YES;
				CLANG_WARN_STRICT_PROTOTYPES = YES;
				CLANG_WARN_SUSPICIOUS_MOVE = YES;
				CLANG_WARN_UNGUARDED_AVAILABILITY = YES_AGGRESSIVE;
				CLANG_WARN_UNREACHABLE_CODE = YES;
				CLANG_WARN__DUPLICATE_METHOD_MATCH = YES;
				COPY_PHASE_STRIP = NO;
				DEBUG_INFORMATION_FORMAT = dwarf;
				ENABLE_STRICT_OBJC_MSGSEND = YES;
				ENABLE_TESTABILITY = YES;
				GCC_C_LANGUAGE_STANDARD = gnu11;
				GCC_DYNAMIC_NO_PIC = NO;
				GCC_NO_COMMON_BLOCKS = YES;
				GCC_OPTIMIZATION_LEVEL = 0;
				GCC_PREPROCESSOR_DEFINITIONS = (
					"DEBUG=1",
					"$(inherited)",
				);
				GCC_WARN_64_TO_32_BIT_CONVERSION = YES;
				GCC_WARN_ABOUT_RETURN_TYPE = YES_ERROR;
				GCC_WARN_UNDECLARED_SELECTOR = YES;
				GCC_WARN_UNINITIALIZED_AUTOS = YES_AGGRESSIVE;
				GCC_WARN_UNUSED_FUNCTION = YES;
				GCC_WARN_UNUSED_VARIABLE = YES;
				IPHONEOS_DEPLOYMENT_TARGET = 16.2;
				MTL_ENABLE_DEBUG_INFO = INCLUDE_SOURCE;
				MTL_FAST_MATH = YES;
				ONLY_ACTIVE_ARCH = YES;
				SDKROOT = iphoneos;
				SWIFT_ACTIVE_COMPILATION_CONDITIONS = DEBUG;
				SWIFT_OPTIMIZATION_LEVEL = "-Onone";
				SWIFT_VERSION = 5.0;
			};
			name = Debug;
		};
		5A31628B29C6252F00BA6E4D /* Release */ = {
			isa = XCBuildConfiguration;
			buildSettings = {
				ALWAYS_SEARCH_USER_PATHS = NO;
				CLANG_ANALYZER_NONNULL = YES;
				CLANG_ANALYZER_NUMBER_OBJECT_CONVERSION = YES_AGGRESSIVE;
				CLANG_CXX_LANGUAGE_STANDARD = "gnu++20";
				CLANG_ENABLE_MODULES = YES;
				CLANG_ENABLE_OBJC_ARC = YES;
				CLANG_ENABLE_OBJC_WEAK = YES;
				CLANG_WARN_BLOCK_CAPTURE_AUTORELEASING = YES;
				CLANG_WARN_BOOL_CONVERSION = YES;
				CLANG_WARN_COMMA = YES;
				CLANG_WARN_CONSTANT_CONVERSION = YES;
				CLANG_WARN_DEPRECATED_OBJC_IMPLEMENTATIONS = YES;
				CLANG_WARN_DIRECT_OBJC_ISA_USAGE = YES_ERROR;
				CLANG_WARN_DOCUMENTATION_COMMENTS = YES;
				CLANG_WARN_EMPTY_BODY = YES;
				CLANG_WARN_ENUM_CONVERSION = YES;
				CLANG_WARN_INFINITE_RECURSION = YES;
				CLANG_WARN_INT_CONVERSION = YES;
				CLANG_WARN_NON_LITERAL_NULL_CONVERSION = YES;
				CLANG_WARN_OBJC_IMPLICIT_RETAIN_SELF = YES;
				CLANG_WARN_OBJC_LITERAL_CONVERSION = YES;
				CLANG_WARN_OBJC_ROOT_CLASS = YES_ERROR;
				CLANG_WARN_QUOTED_INCLUDE_IN_FRAMEWORK_HEADER = YES;
				CLANG_WARN_RANGE_LOOP_ANALYSIS = YES;
				CLANG_WARN_STRICT_PROTOTYPES = YES;
				CLANG_WARN_SUSPICIOUS_MOVE = YES;
				CLANG_WARN_UNGUARDED_AVAILABILITY = YES_AGGRESSIVE;
				CLANG_WARN_UNREACHABLE_CODE = YES;
				CLANG_WARN__DUPLICATE_METHOD_MATCH = YES;
				COPY_PHASE_STRIP = NO;
				DEBUG_INFORMATION_FORMAT = "dwarf-with-dsym";
				ENABLE_NS_ASSERTIONS = NO;
				ENABLE_STRICT_OBJC_MSGSEND = YES;
				GCC_C_LANGUAGE_STANDARD = gnu11;
				GCC_NO_COMMON_BLOCKS = YES;
				GCC_WARN_64_TO_32_BIT_CONVERSION = YES;
				GCC_WARN_ABOUT_RETURN_TYPE = YES_ERROR;
				GCC_WARN_UNDECLARED_SELECTOR = YES;
				GCC_WARN_UNINITIALIZED_AUTOS = YES_AGGRESSIVE;
				GCC_WARN_UNUSED_FUNCTION = YES;
				GCC_WARN_UNUSED_VARIABLE = YES;
				IPHONEOS_DEPLOYMENT_TARGET = 16.2;
				MTL_ENABLE_DEBUG_INFO = NO;
				MTL_FAST_MATH = YES;
				SDKROOT = iphoneos;
				SWIFT_COMPILATION_MODE = wholemodule;
				SWIFT_OPTIMIZATION_LEVEL = "-O";
				SWIFT_VERSION = 5.0;
				VALIDATE_PRODUCT = YES;
			};
			name = Release;
		};
		5A31628D29C6252F00BA6E4D /* Debug */ = {
			isa = XCBuildConfiguration;
			buildSettings = {
				ASSETCATALOG_COMPILER_APPICON_NAME = AppIcon;
				ASSETCATALOG_COMPILER_GLOBAL_ACCENT_COLOR_NAME = AccentColor;
				CODE_SIGN_ENTITLEMENTS = "Simple Chat/Simple Chat.entitlements";
				CODE_SIGN_IDENTITY = "Apple Development";
				CODE_SIGN_STYLE = Automatic;
				CURRENT_PROJECT_VERSION = 1;
				DEVELOPMENT_ASSET_PATHS = "\"Simple Chat/Preview Content\"";
				DEVELOPMENT_TEAM = G2S5NXG875;
				ENABLE_PREVIEWS = YES;
				GENERATE_INFOPLIST_FILE = YES;
				INFOPLIST_FILE = "Simple-Chat-Info.plist";
				INFOPLIST_KEY_NSContactsUsageDescription = "This will only allow the app to sync your saved contacts to the app";
				INFOPLIST_KEY_UIApplicationSceneManifest_Generation = YES;
				INFOPLIST_KEY_UIApplicationSupportsIndirectInputEvents = YES;
				INFOPLIST_KEY_UILaunchScreen_Generation = YES;
				INFOPLIST_KEY_UISupportedInterfaceOrientations_iPad = "UIInterfaceOrientationPortrait UIInterfaceOrientationPortraitUpsideDown UIInterfaceOrientationLandscapeLeft UIInterfaceOrientationLandscapeRight";
				INFOPLIST_KEY_UISupportedInterfaceOrientations_iPhone = "UIInterfaceOrientationPortrait UIInterfaceOrientationLandscapeLeft UIInterfaceOrientationLandscapeRight";
				LD_RUNPATH_SEARCH_PATHS = (
					"$(inherited)",
					"@executable_path/Frameworks",
				);
				MARKETING_VERSION = 1.0;
				PRODUCT_BUNDLE_IDENTIFIER = "test.Simple-Chat";
				PRODUCT_NAME = "$(TARGET_NAME)";
				PROVISIONING_PROFILE_SPECIFIER = "";
				SWIFT_EMIT_LOC_STRINGS = YES;
				SWIFT_VERSION = 5.0;
				TARGETED_DEVICE_FAMILY = "1,2";
			};
			name = Debug;
		};
		5A31628E29C6252F00BA6E4D /* Release */ = {
			isa = XCBuildConfiguration;
			buildSettings = {
				ASSETCATALOG_COMPILER_APPICON_NAME = AppIcon;
				ASSETCATALOG_COMPILER_GLOBAL_ACCENT_COLOR_NAME = AccentColor;
				CODE_SIGN_ENTITLEMENTS = "Simple Chat/Simple Chat.entitlements";
				CODE_SIGN_IDENTITY = "Apple Development";
				CODE_SIGN_STYLE = Automatic;
				CURRENT_PROJECT_VERSION = 1;
				DEVELOPMENT_ASSET_PATHS = "\"Simple Chat/Preview Content\"";
				DEVELOPMENT_TEAM = G2S5NXG875;
				ENABLE_PREVIEWS = YES;
				GENERATE_INFOPLIST_FILE = YES;
				INFOPLIST_FILE = "Simple-Chat-Info.plist";
				INFOPLIST_KEY_NSContactsUsageDescription = "This will only allow the app to sync your saved contacts to the app";
				INFOPLIST_KEY_UIApplicationSceneManifest_Generation = YES;
				INFOPLIST_KEY_UIApplicationSupportsIndirectInputEvents = YES;
				INFOPLIST_KEY_UILaunchScreen_Generation = YES;
				INFOPLIST_KEY_UISupportedInterfaceOrientations_iPad = "UIInterfaceOrientationPortrait UIInterfaceOrientationPortraitUpsideDown UIInterfaceOrientationLandscapeLeft UIInterfaceOrientationLandscapeRight";
				INFOPLIST_KEY_UISupportedInterfaceOrientations_iPhone = "UIInterfaceOrientationPortrait UIInterfaceOrientationLandscapeLeft UIInterfaceOrientationLandscapeRight";
				LD_RUNPATH_SEARCH_PATHS = (
					"$(inherited)",
					"@executable_path/Frameworks",
				);
				MARKETING_VERSION = 1.0;
				PRODUCT_BUNDLE_IDENTIFIER = "test.Simple-Chat";
				PRODUCT_NAME = "$(TARGET_NAME)";
				PROVISIONING_PROFILE_SPECIFIER = "";
				SWIFT_EMIT_LOC_STRINGS = YES;
				SWIFT_VERSION = 5.0;
				TARGETED_DEVICE_FAMILY = "1,2";
			};
			name = Release;
		};
/* End XCBuildConfiguration section */

/* Begin XCConfigurationList section */
		5A31627929C6252D00BA6E4D /* Build configuration list for PBXProject "SimpleChat" */ = {
			isa = XCConfigurationList;
			buildConfigurations = (
				5A31628A29C6252F00BA6E4D /* Debug */,
				5A31628B29C6252F00BA6E4D /* Release */,
			);
			defaultConfigurationIsVisible = 0;
			defaultConfigurationName = Release;
		};
		5A31628C29C6252F00BA6E4D /* Build configuration list for PBXNativeTarget "Simple Chat" */ = {
			isa = XCConfigurationList;
			buildConfigurations = (
				5A31628D29C6252F00BA6E4D /* Debug */,
				5A31628E29C6252F00BA6E4D /* Release */,
			);
			defaultConfigurationIsVisible = 0;
			defaultConfigurationName = Release;
		};
/* End XCConfigurationList section */

/* Begin XCRemoteSwiftPackageReference section */
		5A89234929C84C9B0008DEE9 /* XCRemoteSwiftPackageReference "firebase-ios-sdk" */ = {
			isa = XCRemoteSwiftPackageReference;
			repositoryURL = "https://github.com/firebase/firebase-ios-sdk";
			requirement = {
				kind = upToNextMajorVersion;
				minimumVersion = 9.0.0;
			};
		};
/* End XCRemoteSwiftPackageReference section */

/* Begin XCSwiftPackageProductDependency section */
		5A89234A29C84C9B0008DEE9 /* FirebaseAuth */ = {
			isa = XCSwiftPackageProductDependency;
			package = 5A89234929C84C9B0008DEE9 /* XCRemoteSwiftPackageReference "firebase-ios-sdk" */;
			productName = FirebaseAuth;
		};
		5A89234C29C84C9B0008DEE9 /* FirebaseDatabaseSwift */ = {
			isa = XCSwiftPackageProductDependency;
			package = 5A89234929C84C9B0008DEE9 /* XCRemoteSwiftPackageReference "firebase-ios-sdk" */;
			productName = FirebaseDatabaseSwift;
		};
		5A89234E29C84C9B0008DEE9 /* FirebaseFirestore */ = {
			isa = XCSwiftPackageProductDependency;
			package = 5A89234929C84C9B0008DEE9 /* XCRemoteSwiftPackageReference "firebase-ios-sdk" */;
			productName = FirebaseFirestore;
		};
		5A89235029C84C9B0008DEE9 /* FirebaseFirestoreSwift */ = {
			isa = XCSwiftPackageProductDependency;
			package = 5A89234929C84C9B0008DEE9 /* XCRemoteSwiftPackageReference "firebase-ios-sdk" */;
			productName = FirebaseFirestoreSwift;
		};
		5A89235229C84C9B0008DEE9 /* FirebaseStorage */ = {
			isa = XCSwiftPackageProductDependency;
			package = 5A89234929C84C9B0008DEE9 /* XCRemoteSwiftPackageReference "firebase-ios-sdk" */;
			productName = FirebaseStorage;
		};
/* End XCSwiftPackageProductDependency section */
	};
	rootObject = 5A31627629C6252D00BA6E4D /* Project object */;
}
